
Microsoft Visual Studio Solution File, Format Version 12.00
# Visual Studio Version 17
VisualStudioVersion = 17.4.33122.133
MinimumVisualStudioVersion = 10.0.40219.1
Project("{FAE04EC0-301F-11D3-BF4B-00C04F79EFBC}") = "MiniProjetV1", "MiniProjetV1\MiniProjetV1.csproj", "{CEABC74E-CE0B-46FE-AF9F-14AD7F1782FF}"
EndProject
Global
	GlobalSection(SolutionConfigurationPlatforms) = preSolution
		Debug|Any CPU = Debug|Any CPU
		Release|Any CPU = Release|Any CPU
	EndGlobalSection
	GlobalSection(ProjectConfigurationPlatforms) = postSolution
		{CEABC74E-CE0B-46FE-AF9F-14AD7F1782FF}.Debug|Any CPU.ActiveCfg = Debug|Any CPU
		{CEABC74E-CE0B-46FE-AF9F-14AD7F1782FF}.Debug|Any CPU.Build.0 = Debug|Any CPU
		{CEABC74E-CE0B-46FE-AF9F-14AD7F1782FF}.Release|Any CPU.ActiveCfg = Release|Any CPU
		{CEABC74E-CE0B-46FE-AF9F-14AD7F1782FF}.Release|Any CPU.Build.0 = Release|Any CPU
	EndGlobalSection
	GlobalSection(SolutionProperties) = preSolution
		HideSolutionNode = FALSE
	EndGlobalSection
	GlobalSection(ExtensibilityGlobals) = postSolution
		SolutionGuid = {F09FC284-31D0-470F-B902-3102DCC98FBC}
	EndGlobalSection
EndGlobal
